
Microsoft Visual Studio Solution File, Format Version 12.00
# Visual Studio 15
VisualStudioVersion = 15.0.27130.2010
MinimumVisualStudioVersion = 10.0.40219.1
Project("{FAE04EC0-301F-11D3-BF4B-00C04F79EFBC}") = "PayCalculator", "PayCalculator\PayCalculator.csproj", "{70B3046B-2473-4349-A31D-77ABC75D0F85}"
EndProject
Global
	GlobalSection(SolutionConfigurationPlatforms) = preSolution
		Debug|Any CPU = Debug|Any CPU
		Release|Any CPU = Release|Any CPU
	EndGlobalSection
	GlobalSection(ProjectConfigurationPlatforms) = postSolution
		{70B3046B-2473-4349-A31D-77ABC75D0F85}.Debug|Any CPU.ActiveCfg = Debug|Any CPU
		{70B3046B-2473-4349-A31D-77ABC75D0F85}.Debug|Any CPU.Build.0 = Debug|Any CPU
		{70B3046B-2473-4349-A31D-77ABC75D0F85}.Release|Any CPU.ActiveCfg = Release|Any CPU
		{70B3046B-2473-4349-A31D-77ABC75D0F85}.Release|Any CPU.Build.0 = Release|Any CPU
	EndGlobalSection
	GlobalSection(SolutionProperties) = preSolution
		HideSolutionNode = FALSE
	EndGlobalSection
	GlobalSection(ExtensibilityGlobals) = postSolution
		SolutionGuid = {71208465-3854-4E88-8507-FFD4F3EEE7CD}
	EndGlobalSection
EndGlobal
